{
  "version": 4,
  "terraform_version": "1.9.4",
  "serial": 1,
  "lineage": "71d37dc4-b3ae-8111-7de6-faa2d4b9b46d",
  "outputs": {
    "nginx_container_name": {
      "value": "nginx_docker_container",
      "type": "string"
    },
    "nginx_image_id": {
      "value": "mayoolwin/mol-docker-test:cnfp01",
      "type": "string"
    },
    "nginx_port": {
      "value": {
        "external_port": 8090,
        "internal_port": 1918
      },
      "type": [
        "object",
        {
          "external_port": "number",
          "internal_port": "number"
        }
      ]
    }
  },
  "resources": [
    {
      "mode": "managed",
      "type": "docker_image",
      "name": "nginx_custom_image",
      "provider": "provider[\"registry.terraform.io/kreuzwerker/docker\"]",
      "instances": [
        {
          "schema_version": 0,
          "attributes": {
            "build": [],
            "force_remove": null,
            "id": "sha256:dbc59ac7dd90d6bd333b37fcddc1cc3ed57266def3036bd64a6cd9bc54afdc04mayoolwin/mol-docker-test:cnfp01",
            "image_id": "sha256:dbc59ac7dd90d6bd333b37fcddc1cc3ed57266def3036bd64a6cd9bc54afdc04",
            "keep_locally": null,
            "name": "mayoolwin/mol-docker-test:cnfp01",
            "platform": null,
            "pull_triggers": null,
            "repo_digest": "mayoolwin/mol-docker-test@sha256:922a1514c1a20c489bd9d8e2a446fe5f6f229554aae2e984740329197032582a",
            "triggers": null
          },
          "sensitive_attributes": [],
          "private": "bnVsbA=="
        }
      ]
    }
  ],
  "check_results": null
}
